
Microsoft Visual Studio Solution File, Format Version 12.00
# Visual Studio 14
VisualStudioVersion = 14.0.25420.1
MinimumVisualStudioVersion = 10.0.40219.1
Project("{00D1A9C2-B5F0-4AF3-8072-F6C62B433612}") = "VLN2 Database", "VLN2 Database\VLN2 Database.sqlproj", "{AEA99599-2CA8-488B-AADF-2920790BD748}"
EndProject
Global
	GlobalSection(SolutionConfigurationPlatforms) = preSolution
		Debug|Any CPU = Debug|Any CPU
		Release|Any CPU = Release|Any CPU
	EndGlobalSection
	GlobalSection(ProjectConfigurationPlatforms) = postSolution
		{AEA99599-2CA8-488B-AADF-2920790BD748}.Debug|Any CPU.ActiveCfg = Debug|Any CPU
		{AEA99599-2CA8-488B-AADF-2920790BD748}.Debug|Any CPU.Build.0 = Debug|Any CPU
		{AEA99599-2CA8-488B-AADF-2920790BD748}.Debug|Any CPU.Deploy.0 = Debug|Any CPU
		{AEA99599-2CA8-488B-AADF-2920790BD748}.Release|Any CPU.ActiveCfg = Release|Any CPU
		{AEA99599-2CA8-488B-AADF-2920790BD748}.Release|Any CPU.Build.0 = Release|Any CPU
		{AEA99599-2CA8-488B-AADF-2920790BD748}.Release|Any CPU.Deploy.0 = Release|Any CPU
	EndGlobalSection
	GlobalSection(SolutionProperties) = preSolution
		HideSolutionNode = FALSE
	EndGlobalSection
EndGlobal
